<?xml version="1.0" encoding="utf-8"?>
<Project ToolsVersion="4.0" xmlns="http://schemas.microsoft.com/developer/msbuild/2003">
  <ItemGroup>
    <ClCompile Include="Core\Application.cpp" />
    <ClCompile Include="Core\Light.cpp" />
    <ClCompile Include="Core\Main.cpp" />
    <ClCompile Include="Core\Component.cpp">
      <Filter>GameObjects</Filter>
    </ClCompile>
    <ClCompile Include="Core\ComponentCamera.cpp">
      <Filter>GameObjects</Filter>
    </ClCompile>
    <ClCompile Include="Core\ComponentMaterial.cpp">
      <Filter>GameObjects</Filter>
    </ClCompile>
    <ClCompile Include="Core\ComponentMesh.cpp">
      <Filter>GameObjects</Filter>
    </ClCompile>
    <ClCompile Include="Core\ComponentTransform.cpp">
      <Filter>GameObjects</Filter>
    </ClCompile>
    <ClCompile Include="Core\GameObject.cpp">
      <Filter>GameObjects</Filter>
    </ClCompile>
    <ClCompile Include="Core\ZeroImporter.cpp">
      <Filter>Importer</Filter>
    </ClCompile>
    <ClCompile Include="Core\ModuleEditor.cpp">
      <Filter>Functionalities\Modules\ImGui</Filter>
    </ClCompile>
    <ClCompile Include="Core\ViewportBuffer.cpp">
      <Filter>Functionalities\Modules\ImGui</Filter>
    </ClCompile>
    <ClCompile Include="Core\ImGuizmo\ImGuizmo.cpp">
      <Filter>ImGuizmo</Filter>
    </ClCompile>
    <ClCompile Include="Core\ModuleScene.cpp">
      <Filter>Playground</Filter>
    </ClCompile>
    <ClCompile Include="Core\Resource.cpp">
      <Filter>Resources</Filter>
    </ClCompile>
    <ClCompile Include="Core\ResourceManager.cpp">
      <Filter>Resources</Filter>
    </ClCompile>
    <ClCompile Include="Core\ResourceMaterial.cpp">
      <Filter>Resources</Filter>
    </ClCompile>
    <ClCompile Include="Core\ResourceMesh.cpp">
      <Filter>Resources</Filter>
    </ClCompile>
    <ClCompile Include="Core\ResourceModel.cpp">
      <Filter>Resources</Filter>
    </ClCompile>
    <ClCompile Include="Core\ResourceTexture.cpp">
      <Filter>Resources</Filter>
    </ClCompile>
    <ClCompile Include="Core\Color.cpp">
      <Filter>Tools</Filter>
    </ClCompile>
    <ClCompile Include="Core\glmath.cpp">
      <Filter>Tools</Filter>
    </ClCompile>
    <ClCompile Include="Core\log.cpp">
      <Filter>Tools</Filter>
    </ClCompile>
    <ClCompile Include="Core\md5.cpp">
      <Filter>Tools</Filter>
    </ClCompile>
    <ClCompile Include="Core\PerfTimer.cpp">
      <Filter>Tools</Filter>
    </ClCompile>
    <ClCompile Include="Core\PrimitivesGL.cpp">
      <Filter>Tools</Filter>
    </ClCompile>
    <ClCompile Include="Core\Serialization.cpp">
      <Filter>Tools</Filter>
    </ClCompile>
    <ClCompile Include="Core\Timer.cpp">
      <Filter>Tools</Filter>
    </ClCompile>
    <ClCompile Include="Core\ImGui\imgui.cpp">
      <Filter>ExternalLibraries\ImGui</Filter>
    </ClCompile>
    <ClCompile Include="Core\ImGui\imgui_demo.cpp">
      <Filter>ExternalLibraries\ImGui</Filter>
    </ClCompile>
    <ClCompile Include="Core\ImGui\imgui_draw.cpp">
      <Filter>ExternalLibraries\ImGui</Filter>
    </ClCompile>
    <ClCompile Include="Core\ImGui\imgui_impl_opengl3.cpp">
      <Filter>ExternalLibraries\ImGui</Filter>
    </ClCompile>
    <ClCompile Include="Core\ImGui\imgui_impl_sdl.cpp">
      <Filter>ExternalLibraries\ImGui</Filter>
    </ClCompile>
    <ClCompile Include="Core\ImGui\imgui_widgets.cpp">
      <Filter>ExternalLibraries\ImGui</Filter>
    </ClCompile>
    <ClCompile Include="Core\MathGeoLib\include\Algorithm\Random\LCG.cpp">
      <Filter>ExternalLibraries\MathGeoLib\Algorithm</Filter>
    </ClCompile>
    <ClCompile Include="Core\MathGeoLib\include\Time\Clock.cpp">
      <Filter>ExternalLibraries\MathGeoLib\Time</Filter>
    </ClCompile>
    <ClCompile Include="Core\MathGeoLib\include\Geometry\AABB.cpp">
      <Filter>ExternalLibraries\MathGeoLib\Geometry</Filter>
    </ClCompile>
    <ClCompile Include="Core\MathGeoLib\include\Geometry\Capsule.cpp">
      <Filter>ExternalLibraries\MathGeoLib\Geometry</Filter>
    </ClCompile>
    <ClCompile Include="Core\MathGeoLib\include\Geometry\Circle.cpp">
      <Filter>ExternalLibraries\MathGeoLib\Geometry</Filter>
    </ClCompile>
    <ClCompile Include="Core\MathGeoLib\include\Geometry\Cone.cpp">
      <Filter>ExternalLibraries\MathGeoLib\Geometry</Filter>
    </ClCompile>
    <ClCompile Include="Core\MathGeoLib\include\Geometry\Cylinder.cpp">
      <Filter>ExternalLibraries\MathGeoLib\Geometry</Filter>
    </ClCompile>
    <ClCompile Include="Core\MathGeoLib\include\Geometry\Frustum.cpp">
      <Filter>ExternalLibraries\MathGeoLib\Geometry</Filter>
    </ClCompile>
    <ClCompile Include="Core\MathGeoLib\include\Geometry\Line.cpp">
      <Filter>ExternalLibraries\MathGeoLib\Geometry</Filter>
    </ClCompile>
    <ClCompile Include="Core\MathGeoLib\include\Geometry\LineSegment.cpp">
      <Filter>ExternalLibraries\MathGeoLib\Geometry</Filter>
    </ClCompile>
    <ClCompile Include="Core\MathGeoLib\include\Geometry\OBB.cpp">
      <Filter>ExternalLibraries\MathGeoLib\Geometry</Filter>
    </ClCompile>
    <ClCompile Include="Core\MathGeoLib\include\Geometry\Plane.cpp">
      <Filter>ExternalLibraries\MathGeoLib\Geometry</Filter>
    </ClCompile>
    <ClCompile Include="Core\MathGeoLib\include\Geometry\Polygon.cpp">
      <Filter>ExternalLibraries\MathGeoLib\Geometry</Filter>
    </ClCompile>
    <ClCompile Include="Core\MathGeoLib\include\Geometry\Polyhedron.cpp">
      <Filter>ExternalLibraries\MathGeoLib\Geometry</Filter>
    </ClCompile>
    <ClCompile Include="Core\MathGeoLib\include\Geometry\Ray.cpp">
      <Filter>ExternalLibraries\MathGeoLib\Geometry</Filter>
    </ClCompile>
    <ClCompile Include="Core\MathGeoLib\include\Geometry\Sphere.cpp">
      <Filter>ExternalLibraries\MathGeoLib\Geometry</Filter>
    </ClCompile>
    <ClCompile Include="Core\MathGeoLib\include\Geometry\TriangleMesh.cpp">
      <Filter>ExternalLibraries\MathGeoLib\Geometry</Filter>
    </ClCompile>
    <ClCompile Include="Core\MathGeoLib\include\Math\BitOps.cpp">
      <Filter>ExternalLibraries\MathGeoLib\Math</Filter>
    </ClCompile>
    <ClCompile Include="Core\MathGeoLib\include\Math\float2.cpp">
      <Filter>ExternalLibraries\MathGeoLib\Math</Filter>
    </ClCompile>
    <ClCompile Include="Core\MathGeoLib\include\Math\float3.cpp">
      <Filter>ExternalLibraries\MathGeoLib\Math</Filter>
    </ClCompile>
    <ClCompile Include="Core\MathGeoLib\include\Math\float3x3.cpp">
      <Filter>ExternalLibraries\MathGeoLib\Math</Filter>
    </ClCompile>
    <ClCompile Include="Core\MathGeoLib\include\Math\float3x4.cpp">
      <Filter>ExternalLibraries\MathGeoLib\Math</Filter>
    </ClCompile>
    <ClCompile Include="Core\MathGeoLib\include\Math\float4.cpp">
      <Filter>ExternalLibraries\MathGeoLib\Math</Filter>
    </ClCompile>
    <ClCompile Include="Core\MathGeoLib\include\Math\float4x4.cpp">
      <Filter>ExternalLibraries\MathGeoLib\Math</Filter>
    </ClCompile>
    <ClCompile Include="Core\MathGeoLib\include\Math\MathFunc.cpp">
      <Filter>ExternalLibraries\MathGeoLib\Math</Filter>
    </ClCompile>
    <ClCompile Include="Core\MathGeoLib\include\Math\MathLog.cpp">
      <Filter>ExternalLibraries\MathGeoLib\Math</Filter>
    </ClCompile>
    <ClCompile Include="Core\MathGeoLib\include\Math\MathOps.cpp">
      <Filter>ExternalLibraries\MathGeoLib\Math</Filter>
    </ClCompile>
    <ClCompile Include="Core\MathGeoLib\include\Math\Polynomial.cpp">
      <Filter>ExternalLibraries\MathGeoLib\Math</Filter>
    </ClCompile>
    <ClCompile Include="Core\MathGeoLib\include\Math\Quat.cpp">
      <Filter>ExternalLibraries\MathGeoLib\Math</Filter>
    </ClCompile>
    <ClCompile Include="Core\MathGeoLib\include\Math\SSEMath.cpp">
      <Filter>ExternalLibraries\MathGeoLib\Math</Filter>
    </ClCompile>
    <ClCompile Include="Core\MathGeoLib\include\Math\TransformOps.cpp">
      <Filter>ExternalLibraries\MathGeoLib\Math</Filter>
    </ClCompile>
    <ClCompile Include="Core\MathGeoLib\include\Geometry\Triangle.cpp">
      <Filter>ExternalLibraries\MathGeoLib\Geometry</Filter>
    </ClCompile>
    <ClCompile Include="Core\TimeManager.cpp">
      <Filter>TimeManager</Filter>
    </ClCompile>
    <ClCompile Include="Core\ComponentRigidBody.cpp">
      <Filter>GameObjects</Filter>
    </ClCompile>
    <ClCompile Include="Core\ModuleAudio.cpp">
      <Filter>Functionalities\Modules</Filter>
    </ClCompile>
    <ClCompile Include="Core\ModuleCamera3D.cpp">
      <Filter>Functionalities\Modules</Filter>
    </ClCompile>
    <ClCompile Include="Core\ModuleFileSystem.cpp">
      <Filter>Functionalities\Modules</Filter>
    </ClCompile>
    <ClCompile Include="Core\ModuleInput.cpp">
      <Filter>Functionalities\Modules</Filter>
    </ClCompile>
    <ClCompile Include="Core\ModuleRenderer3D.cpp">
      <Filter>Functionalities\Modules</Filter>
    </ClCompile>
    <ClCompile Include="Core\ModuleWindow.cpp">
      <Filter>Functionalities\Modules</Filter>
    </ClCompile>
    <ClCompile Include="Core\ModulePhysics.cpp">
      <Filter>Functionalities\Modules</Filter>
    </ClCompile>
  </ItemGroup>
  <ItemGroup>
    <ClInclude Include="Core\Application.h" />
    <ClInclude Include="Core\Light.h" />
    <ClInclude Include="Core\Module.h" />
    <ClInclude Include="Core\Component.h">
      <Filter>GameObjects</Filter>
    </ClInclude>
    <ClInclude Include="Core\ComponentCamera.h">
      <Filter>GameObjects</Filter>
    </ClInclude>
    <ClInclude Include="Core\ComponentMaterial.h">
      <Filter>GameObjects</Filter>
    </ClInclude>
    <ClInclude Include="Core\ComponentMesh.h">
      <Filter>GameObjects</Filter>
    </ClInclude>
    <ClInclude Include="Core\ComponentTransform.h">
      <Filter>GameObjects</Filter>
    </ClInclude>
    <ClInclude Include="Core\GameObject.h">
      <Filter>GameObjects</Filter>
    </ClInclude>
    <ClInclude Include="Core\Textures.h">
      <Filter>GameObjects</Filter>
    </ClInclude>
    <ClInclude Include="Core\ZeroImporter.h">
      <Filter>Importer</Filter>
    </ClInclude>
    <ClInclude Include="Core\ModuleEditor.h">
      <Filter>Functionalities\Modules\ImGui</Filter>
    </ClInclude>
    <ClInclude Include="Core\ViewportBuffer.h">
      <Filter>Functionalities\Modules\ImGui</Filter>
    </ClInclude>
    <ClInclude Include="Core\ImGuizmo\ImGuizmo.h">
      <Filter>ImGuizmo</Filter>
    </ClInclude>
    <ClInclude Include="Core\ModuleScene.h">
      <Filter>Playground</Filter>
    </ClInclude>
    <ClInclude Include="Core\Resource.h">
      <Filter>Resources</Filter>
    </ClInclude>
    <ClInclude Include="Core\ResourceManager.h">
      <Filter>Resources</Filter>
    </ClInclude>
    <ClInclude Include="Core\ResourceMaterial.h">
      <Filter>Resources</Filter>
    </ClInclude>
    <ClInclude Include="Core\ResourceMesh.h">
      <Filter>Resources</Filter>
    </ClInclude>
    <ClInclude Include="Core\ResourceModel.h">
      <Filter>Resources</Filter>
    </ClInclude>
    <ClInclude Include="Core\ResourceTexture.h">
      <Filter>Resources</Filter>
    </ClInclude>
    <ClInclude Include="Core\Color.h">
      <Filter>Tools</Filter>
    </ClInclude>
    <ClInclude Include="Core\glmath.h">
      <Filter>Tools</Filter>
    </ClInclude>
    <ClInclude Include="Core\Globals.h">
      <Filter>Tools</Filter>
    </ClInclude>
    <ClInclude Include="Core\md5.h">
      <Filter>Tools</Filter>
    </ClInclude>
    <ClInclude Include="Core\memoryLeaks.h">
      <Filter>Tools</Filter>
    </ClInclude>
    <ClInclude Include="Core\p2Defs.h">
      <Filter>Tools</Filter>
    </ClInclude>
    <ClInclude Include="Core\PathNode.h">
      <Filter>Tools</Filter>
    </ClInclude>
    <ClInclude Include="Core\PerfTimer.h">
      <Filter>Tools</Filter>
    </ClInclude>
    <ClInclude Include="Core\PrimitivesGL.h">
      <Filter>Tools</Filter>
    </ClInclude>
    <ClInclude Include="Core\Serialization.h">
      <Filter>Tools</Filter>
    </ClInclude>
    <ClInclude Include="Core\Timer.h">
      <Filter>Tools</Filter>
    </ClInclude>
    <ClInclude Include="Core\PhysFS\include\physfs.h">
      <Filter>ExternalLibraries\PhysFS</Filter>
    </ClInclude>
    <ClInclude Include="Core\ImGui\imconfig.h">
      <Filter>ExternalLibraries\ImGui</Filter>
    </ClInclude>
    <ClInclude Include="Core\ImGui\imgui.h">
      <Filter>ExternalLibraries\ImGui</Filter>
    </ClInclude>
    <ClInclude Include="Core\ImGui\imgui_impl_opengl3.h">
      <Filter>ExternalLibraries\ImGui</Filter>
    </ClInclude>
    <ClInclude Include="Core\ImGui\imgui_impl_sdl.h">
      <Filter>ExternalLibraries\ImGui</Filter>
    </ClInclude>
    <ClInclude Include="Core\ImGui\imgui_internal.h">
      <Filter>ExternalLibraries\ImGui</Filter>
    </ClInclude>
    <ClInclude Include="Core\ImGui\imstb_rectpack.h">
      <Filter>ExternalLibraries\ImGui</Filter>
    </ClInclude>
    <ClInclude Include="Core\ImGui\imstb_textedit.h">
      <Filter>ExternalLibraries\ImGui</Filter>
    </ClInclude>
    <ClInclude Include="Core\ImGui\imstb_truetype.h">
      <Filter>ExternalLibraries\ImGui</Filter>
    </ClInclude>
    <ClInclude Include="Core\JSON\json.hpp">
      <Filter>ExternalLibraries\JSON</Filter>
    </ClInclude>
    <ClInclude Include="Core\DevIL\include\config.h">
      <Filter>ExternalLibraries\DevIL</Filter>
    </ClInclude>
    <ClInclude Include="Core\DevIL\include\devil_internal_exports.h">
      <Filter>ExternalLibraries\DevIL</Filter>
    </ClInclude>
    <ClInclude Include="Core\DevIL\include\il.h">
      <Filter>ExternalLibraries\DevIL</Filter>
    </ClInclude>
    <ClInclude Include="Core\DevIL\include\il_wrap.h">
      <Filter>ExternalLibraries\DevIL</Filter>
    </ClInclude>
    <ClInclude Include="Core\DevIL\include\ilu.h">
      <Filter>ExternalLibraries\DevIL</Filter>
    </ClInclude>
    <ClInclude Include="Core\DevIL\include\ilu_region.h">
      <Filter>ExternalLibraries\DevIL</Filter>
    </ClInclude>
    <ClInclude Include="Core\DevIL\include\ilut.h">
      <Filter>ExternalLibraries\DevIL</Filter>
    </ClInclude>
    <ClInclude Include="Core\DevIL\include\ilut_config.h">
      <Filter>ExternalLibraries\DevIL</Filter>
    </ClInclude>
    <ClInclude Include="Core\MathGeoLib\include\MathBuildConfig.h">
      <Filter>ExternalLibraries\MathGeoLib</Filter>
    </ClInclude>
    <ClInclude Include="Core\MathGeoLib\include\MathGeoLib.h">
      <Filter>ExternalLibraries\MathGeoLib</Filter>
    </ClInclude>
    <ClInclude Include="Core\MathGeoLib\include\MathGeoLibFwd.h">
      <Filter>ExternalLibraries\MathGeoLib</Filter>
    </ClInclude>
    <ClInclude Include="Core\MathGeoLib\include\Algorithm\Random\LCG.h">
      <Filter>ExternalLibraries\MathGeoLib\Algorithm</Filter>
    </ClInclude>
    <ClInclude Include="Core\MathGeoLib\include\Time\Clock.h">
      <Filter>ExternalLibraries\MathGeoLib\Time</Filter>
    </ClInclude>
    <ClInclude Include="Core\MathGeoLib\include\Geometry\AABB.h">
      <Filter>ExternalLibraries\MathGeoLib\Geometry</Filter>
    </ClInclude>
    <ClInclude Include="Core\MathGeoLib\include\Geometry\AABB2D.h">
      <Filter>ExternalLibraries\MathGeoLib\Geometry</Filter>
    </ClInclude>
    <ClInclude Include="Core\MathGeoLib\include\Geometry\Capsule.h">
      <Filter>ExternalLibraries\MathGeoLib\Geometry</Filter>
    </ClInclude>
    <ClInclude Include="Core\MathGeoLib\include\Geometry\Circle.h">
      <Filter>ExternalLibraries\MathGeoLib\Geometry</Filter>
    </ClInclude>
    <ClInclude Include="Core\MathGeoLib\include\Geometry\Cone.h">
      <Filter>ExternalLibraries\MathGeoLib\Geometry</Filter>
    </ClInclude>
    <ClInclude Include="Core\MathGeoLib\include\Geometry\Cylinder.h">
      <Filter>ExternalLibraries\MathGeoLib\Geometry</Filter>
    </ClInclude>
    <ClInclude Include="Core\MathGeoLib\include\Geometry\Frustum.h">
      <Filter>ExternalLibraries\MathGeoLib\Geometry</Filter>
    </ClInclude>
    <ClInclude Include="Core\MathGeoLib\include\Geometry\GeometryAll.h">
      <Filter>ExternalLibraries\MathGeoLib\Geometry</Filter>
    </ClInclude>
    <ClInclude Include="Core\MathGeoLib\include\Geometry\GeomType.h">
      <Filter>ExternalLibraries\MathGeoLib\Geometry</Filter>
    </ClInclude>
    <ClInclude Include="Core\MathGeoLib\include\Geometry\HitInfo.h">
      <Filter>ExternalLibraries\MathGeoLib\Geometry</Filter>
    </ClInclude>
    <ClInclude Include="Core\MathGeoLib\include\Geometry\KDTree.h">
      <Filter>ExternalLibraries\MathGeoLib\Geometry</Filter>
    </ClInclude>
    <ClInclude Include="Core\MathGeoLib\include\Geometry\Line.h">
      <Filter>ExternalLibraries\MathGeoLib\Geometry</Filter>
    </ClInclude>
    <ClInclude Include="Core\MathGeoLib\include\Geometry\LineSegment.h">
      <Filter>ExternalLibraries\MathGeoLib\Geometry</Filter>
    </ClInclude>
    <ClInclude Include="Core\MathGeoLib\include\Geometry\OBB.h">
      <Filter>ExternalLibraries\MathGeoLib\Geometry</Filter>
    </ClInclude>
    <ClInclude Include="Core\MathGeoLib\include\Geometry\PBVolume.h">
      <Filter>ExternalLibraries\MathGeoLib\Geometry</Filter>
    </ClInclude>
    <ClInclude Include="Core\MathGeoLib\include\Geometry\Plane.h">
      <Filter>ExternalLibraries\MathGeoLib\Geometry</Filter>
    </ClInclude>
    <ClInclude Include="Core\MathGeoLib\include\Geometry\Polygon.h">
      <Filter>ExternalLibraries\MathGeoLib\Geometry</Filter>
    </ClInclude>
    <ClInclude Include="Core\MathGeoLib\include\Geometry\Polyhedron.h">
      <Filter>ExternalLibraries\MathGeoLib\Geometry</Filter>
    </ClInclude>
    <ClInclude Include="Core\MathGeoLib\include\Geometry\QuadTree.h">
      <Filter>ExternalLibraries\MathGeoLib\Geometry</Filter>
    </ClInclude>
    <ClInclude Include="Core\MathGeoLib\include\Geometry\Ray.h">
      <Filter>ExternalLibraries\MathGeoLib\Geometry</Filter>
    </ClInclude>
    <ClInclude Include="Core\MathGeoLib\include\Geometry\Sphere.h">
      <Filter>ExternalLibraries\MathGeoLib\Geometry</Filter>
    </ClInclude>
    <ClInclude Include="Core\MathGeoLib\include\Geometry\Triangle.h">
      <Filter>ExternalLibraries\MathGeoLib\Geometry</Filter>
    </ClInclude>
    <ClInclude Include="Core\MathGeoLib\include\Geometry\TriangleMesh.h">
      <Filter>ExternalLibraries\MathGeoLib\Geometry</Filter>
    </ClInclude>
    <ClInclude Include="Core\MathGeoLib\include\Math\assume.h">
      <Filter>ExternalLibraries\MathGeoLib\Math</Filter>
    </ClInclude>
    <ClInclude Include="Core\MathGeoLib\include\Math\BitOps.h">
      <Filter>ExternalLibraries\MathGeoLib\Math</Filter>
    </ClInclude>
    <ClInclude Include="Core\MathGeoLib\include\Math\Complex.h">
      <Filter>ExternalLibraries\MathGeoLib\Math</Filter>
    </ClInclude>
    <ClInclude Include="Core\MathGeoLib\include\Math\CoordinateAxisConvention.h">
      <Filter>ExternalLibraries\MathGeoLib\Math</Filter>
    </ClInclude>
    <ClInclude Include="Core\MathGeoLib\include\Math\FixedPoint.h">
      <Filter>ExternalLibraries\MathGeoLib\Math</Filter>
    </ClInclude>
    <ClInclude Include="Core\MathGeoLib\include\Math\float2.h">
      <Filter>ExternalLibraries\MathGeoLib\Math</Filter>
    </ClInclude>
    <ClInclude Include="Core\MathGeoLib\include\Math\float3.h">
      <Filter>ExternalLibraries\MathGeoLib\Math</Filter>
    </ClInclude>
    <ClInclude Include="Core\MathGeoLib\include\Math\float3x3.h">
      <Filter>ExternalLibraries\MathGeoLib\Math</Filter>
    </ClInclude>
    <ClInclude Include="Core\MathGeoLib\include\Math\float3x4.h">
      <Filter>ExternalLibraries\MathGeoLib\Math</Filter>
    </ClInclude>
    <ClInclude Include="Core\MathGeoLib\include\Math\float4.h">
      <Filter>ExternalLibraries\MathGeoLib\Math</Filter>
    </ClInclude>
    <ClInclude Include="Core\MathGeoLib\include\Math\float4_neon.h">
      <Filter>ExternalLibraries\MathGeoLib\Math</Filter>
    </ClInclude>
    <ClInclude Include="Core\MathGeoLib\include\Math\float4_sse.h">
      <Filter>ExternalLibraries\MathGeoLib\Math</Filter>
    </ClInclude>
    <ClInclude Include="Core\MathGeoLib\include\Math\float4x4.h">
      <Filter>ExternalLibraries\MathGeoLib\Math</Filter>
    </ClInclude>
    <ClInclude Include="Core\MathGeoLib\include\Math\float4x4_neon.h">
      <Filter>ExternalLibraries\MathGeoLib\Math</Filter>
    </ClInclude>
    <ClInclude Include="Core\MathGeoLib\include\Math\float4x4_sse.h">
      <Filter>ExternalLibraries\MathGeoLib\Math</Filter>
    </ClInclude>
    <ClInclude Include="Core\MathGeoLib\include\Math\FloatCmp.h">
      <Filter>ExternalLibraries\MathGeoLib\Math</Filter>
    </ClInclude>
    <ClInclude Include="Core\MathGeoLib\include\Math\MathAll.h">
      <Filter>ExternalLibraries\MathGeoLib\Math</Filter>
    </ClInclude>
    <ClInclude Include="Core\MathGeoLib\include\Math\MathConstants.h">
      <Filter>ExternalLibraries\MathGeoLib\Math</Filter>
    </ClInclude>
    <ClInclude Include="Core\MathGeoLib\include\Math\MathFunc.h">
      <Filter>ExternalLibraries\MathGeoLib\Math</Filter>
    </ClInclude>
    <ClInclude Include="Core\MathGeoLib\include\Math\MathLog.h">
      <Filter>ExternalLibraries\MathGeoLib\Math</Filter>
    </ClInclude>
    <ClInclude Include="Core\MathGeoLib\include\Math\MathNamespace.h">
      <Filter>ExternalLibraries\MathGeoLib\Math</Filter>
    </ClInclude>
    <ClInclude Include="Core\MathGeoLib\include\Math\MathTypes.h">
      <Filter>ExternalLibraries\MathGeoLib\Math</Filter>
    </ClInclude>
    <ClInclude Include="Core\MathGeoLib\include\Math\MatrixProxy.h">
      <Filter>ExternalLibraries\MathGeoLib\Math</Filter>
    </ClInclude>
    <ClInclude Include="Core\MathGeoLib\include\Math\myassert.h">
      <Filter>ExternalLibraries\MathGeoLib\Math</Filter>
    </ClInclude>
    <ClInclude Include="Core\MathGeoLib\include\Math\Polynomial.h">
      <Filter>ExternalLibraries\MathGeoLib\Math</Filter>
    </ClInclude>
    <ClInclude Include="Core\MathGeoLib\include\Math\Quat.h">
      <Filter>ExternalLibraries\MathGeoLib\Math</Filter>
    </ClInclude>
    <ClInclude Include="Core\MathGeoLib\include\Math\quat_simd.h">
      <Filter>ExternalLibraries\MathGeoLib\Math</Filter>
    </ClInclude>
    <ClInclude Include="Core\MathGeoLib\include\Math\Rect.h">
      <Filter>ExternalLibraries\MathGeoLib\Math</Filter>
    </ClInclude>
    <ClInclude Include="Core\MathGeoLib\include\Math\Reinterpret.h">
      <Filter>ExternalLibraries\MathGeoLib\Math</Filter>
    </ClInclude>
    <ClInclude Include="Core\MathGeoLib\include\Math\sse_mathfun.h">
      <Filter>ExternalLibraries\MathGeoLib\Math</Filter>
    </ClInclude>
    <ClInclude Include="Core\MathGeoLib\include\Math\SSEMath.h">
      <Filter>ExternalLibraries\MathGeoLib\Math</Filter>
    </ClInclude>
    <ClInclude Include="Core\MathGeoLib\include\Math\TransformOps.h">
      <Filter>ExternalLibraries\MathGeoLib\Math</Filter>
    </ClInclude>
    <ClInclude Include="Core\Assimp\include\Compiler\poppack1.h">
      <Filter>ExternalLibraries\Assimp\Compiler</Filter>
    </ClInclude>
    <ClInclude Include="Core\Assimp\include\Compiler\pstdint.h">
      <Filter>ExternalLibraries\Assimp\Compiler</Filter>
    </ClInclude>
    <ClInclude Include="Core\Assimp\include\Compiler\pushpack1.h">
      <Filter>ExternalLibraries\Assimp\Compiler</Filter>
    </ClInclude>
    <ClInclude Include="Core\Assimp\include\port\AndroidJNI\AndroidJNIIOSystem.h">
      <Filter>ExternalLibraries\Assimp\port</Filter>
    </ClInclude>
    <ClInclude Include="Core\Assimp\include\ai_assert.h">
      <Filter>ExternalLibraries\Assimp</Filter>
    </ClInclude>
    <ClInclude Include="Core\Assimp\include\anim.h">
      <Filter>ExternalLibraries\Assimp</Filter>
    </ClInclude>
    <ClInclude Include="Core\Assimp\include\camera.h">
      <Filter>ExternalLibraries\Assimp</Filter>
    </ClInclude>
    <ClInclude Include="Core\Assimp\include\cexport.h">
      <Filter>ExternalLibraries\Assimp</Filter>
    </ClInclude>
    <ClInclude Include="Core\Assimp\include\cfileio.h">
      <Filter>ExternalLibraries\Assimp</Filter>
    </ClInclude>
    <ClInclude Include="Core\Assimp\include\cimport.h">
      <Filter>ExternalLibraries\Assimp</Filter>
    </ClInclude>
    <ClInclude Include="Core\Assimp\include\color4.h">
      <Filter>ExternalLibraries\Assimp</Filter>
    </ClInclude>
    <ClInclude Include="Core\Assimp\include\config.h">
      <Filter>ExternalLibraries\Assimp</Filter>
    </ClInclude>
    <ClInclude Include="Core\Assimp\include\DefaultLogger.hpp">
      <Filter>ExternalLibraries\Assimp</Filter>
    </ClInclude>
    <ClInclude Include="Core\Assimp\include\defs.h">
      <Filter>ExternalLibraries\Assimp</Filter>
    </ClInclude>
    <ClInclude Include="Core\Assimp\include\Exporter.hpp">
      <Filter>ExternalLibraries\Assimp</Filter>
    </ClInclude>
    <ClInclude Include="Core\Assimp\include\Importer.hpp">
      <Filter>ExternalLibraries\Assimp</Filter>
    </ClInclude>
    <ClInclude Include="Core\Assimp\include\importerdesc.h">
      <Filter>ExternalLibraries\Assimp</Filter>
    </ClInclude>
    <ClInclude Include="Core\Assimp\include\IOStream.hpp">
      <Filter>ExternalLibraries\Assimp</Filter>
    </ClInclude>
    <ClInclude Include="Core\Assimp\include\IOSystem.hpp">
      <Filter>ExternalLibraries\Assimp</Filter>
    </ClInclude>
    <ClInclude Include="Core\Assimp\include\Logger.hpp">
      <Filter>ExternalLibraries\Assimp</Filter>
    </ClInclude>
    <ClInclude Include="Core\Assimp\include\light.h">
      <Filter>ExternalLibraries\Assimp</Filter>
    </ClInclude>
    <ClInclude Include="Core\Assimp\include\LogStream.hpp">
      <Filter>ExternalLibraries\Assimp</Filter>
    </ClInclude>
    <ClInclude Include="Core\Assimp\include\material.h">
      <Filter>ExternalLibraries\Assimp</Filter>
    </ClInclude>
    <ClInclude Include="Core\Assimp\include\matrix3x3.h">
      <Filter>ExternalLibraries\Assimp</Filter>
    </ClInclude>
    <ClInclude Include="Core\Assimp\include\matrix4x4.h">
      <Filter>ExternalLibraries\Assimp</Filter>
    </ClInclude>
    <ClInclude Include="Core\Assimp\include\mesh.h">
      <Filter>ExternalLibraries\Assimp</Filter>
    </ClInclude>
    <ClInclude Include="Core\Assimp\include\metadata.h">
      <Filter>ExternalLibraries\Assimp</Filter>
    </ClInclude>
    <ClInclude Include="Core\Assimp\include\NullLogger.hpp">
      <Filter>ExternalLibraries\Assimp</Filter>
    </ClInclude>
    <ClInclude Include="Core\Assimp\include\postprocess.h">
      <Filter>ExternalLibraries\Assimp</Filter>
    </ClInclude>
    <ClInclude Include="Core\Assimp\include\ProgressHandler.hpp">
      <Filter>ExternalLibraries\Assimp</Filter>
    </ClInclude>
    <ClInclude Include="Core\Assimp\include\quaternion.h">
      <Filter>ExternalLibraries\Assimp</Filter>
    </ClInclude>
    <ClInclude Include="Core\Assimp\include\scene.h">
      <Filter>ExternalLibraries\Assimp</Filter>
    </ClInclude>
    <ClInclude Include="Core\Assimp\include\texture.h">
      <Filter>ExternalLibraries\Assimp</Filter>
    </ClInclude>
    <ClInclude Include="Core\Assimp\include\types.h">
      <Filter>ExternalLibraries\Assimp</Filter>
    </ClInclude>
    <ClInclude Include="Core\Assimp\include\vector2.h">
      <Filter>ExternalLibraries\Assimp</Filter>
    </ClInclude>
    <ClInclude Include="Core\Assimp\include\vector3.h">
      <Filter>ExternalLibraries\Assimp</Filter>
    </ClInclude>
    <ClInclude Include="Core\Assimp\include\version.h">
      <Filter>ExternalLibraries\Assimp</Filter>
    </ClInclude>
    <ClInclude Include="Core\TimeManager.h">
      <Filter>TimeManager</Filter>
    </ClInclude>
    <ClInclude Include="Core\ComponentRigidBody.h">
      <Filter>GameObjects</Filter>
    </ClInclude>
    <ClInclude Include="Core\ModuleAudio.h">
      <Filter>Functionalities\Modules</Filter>
    </ClInclude>
    <ClInclude Include="Core\ModuleCamera3D.h">
      <Filter>Functionalities\Modules</Filter>
    </ClInclude>
    <ClInclude Include="Core\ModuleFileSystem.h">
      <Filter>Functionalities\Modules</Filter>
    </ClInclude>
    <ClInclude Include="Core\ModuleInput.h">
      <Filter>Functionalities\Modules</Filter>
    </ClInclude>
    <ClInclude Include="Core\ModuleRenderer3D.h">
      <Filter>Functionalities\Modules</Filter>
    </ClInclude>
    <ClInclude Include="Core\ModuleWindow.h">
      <Filter>Functionalities\Modules</Filter>
    </ClInclude>
    <ClInclude Include="Core\ModulePhysics.h">
      <Filter>Functionalities\Modules</Filter>
    </ClInclude>
    <ClInclude Include="Core\PhysX\include\PxActor.h">
      <Filter>ExternalLibraries\PhysX</Filter>
    </ClInclude>
    <ClInclude Include="Core\PhysX\include\PxAggregate.h">
      <Filter>ExternalLibraries\PhysX</Filter>
    </ClInclude>
    <ClInclude Include="Core\PhysX\include\PxArticulation.h">
      <Filter>ExternalLibraries\PhysX</Filter>
    </ClInclude>
    <ClInclude Include="Core\PhysX\include\PxArticulationBase.h">
      <Filter>ExternalLibraries\PhysX</Filter>
    </ClInclude>
    <ClInclude Include="Core\PhysX\include\PxArticulationJoint.h">
      <Filter>ExternalLibraries\PhysX</Filter>
    </ClInclude>
    <ClInclude Include="Core\PhysX\include\PxArticulationJointReducedCoordinate.h">
      <Filter>ExternalLibraries\PhysX</Filter>
    </ClInclude>
    <ClInclude Include="Core\PhysX\include\PxArticulationLink.h">
      <Filter>ExternalLibraries\PhysX</Filter>
    </ClInclude>
    <ClInclude Include="Core\PhysX\include\PxArticulationReducedCoordinate.h">
      <Filter>ExternalLibraries\PhysX</Filter>
    </ClInclude>
    <ClInclude Include="Core\PhysX\include\PxBatchQuery.h">
      <Filter>ExternalLibraries\PhysX</Filter>
    </ClInclude>
    <ClInclude Include="Core\PhysX\include\PxBatchQueryDesc.h">
      <Filter>ExternalLibraries\PhysX</Filter>
    </ClInclude>
    <ClInclude Include="Core\PhysX\include\PxBroadPhase.h">
      <Filter>ExternalLibraries\PhysX</Filter>
    </ClInclude>
    <ClInclude Include="Core\PhysX\include\PxClient.h">
      <Filter>ExternalLibraries\PhysX</Filter>
    </ClInclude>
    <ClInclude Include="Core\PhysX\include\PxConfig.h">
      <Filter>ExternalLibraries\PhysX</Filter>
    </ClInclude>
    <ClInclude Include="Core\PhysX\include\PxConstraint.h">
      <Filter>ExternalLibraries\PhysX</Filter>
    </ClInclude>
    <ClInclude Include="Core\PhysX\include\PxConstraintDesc.h">
      <Filter>ExternalLibraries\PhysX</Filter>
    </ClInclude>
    <ClInclude Include="Core\PhysX\include\PxContact.h">
      <Filter>ExternalLibraries\PhysX</Filter>
    </ClInclude>
    <ClInclude Include="Core\PhysX\include\PxContactModifyCallback.h">
      <Filter>ExternalLibraries\PhysX</Filter>
    </ClInclude>
    <ClInclude Include="Core\PhysX\include\PxDeletionListener.h">
      <Filter>ExternalLibraries\PhysX</Filter>
    </ClInclude>
    <ClInclude Include="Core\PhysX\include\PxFiltering.h">
      <Filter>ExternalLibraries\PhysX</Filter>
    </ClInclude>
    <ClInclude Include="Core\PhysX\include\PxForceMode.h">
      <Filter>ExternalLibraries\PhysX</Filter>
    </ClInclude>
    <ClInclude Include="Core\PhysX\include\PxFoundation.h">
      <Filter>ExternalLibraries\PhysX</Filter>
    </ClInclude>
    <ClInclude Include="Core\PhysX\include\PxImmediateMode.h">
      <Filter>ExternalLibraries\PhysX</Filter>
    </ClInclude>
    <ClInclude Include="Core\PhysX\include\PxLockedData.h">
      <Filter>ExternalLibraries\PhysX</Filter>
    </ClInclude>
    <ClInclude Include="Core\PhysX\include\PxMaterial.h">
      <Filter>ExternalLibraries\PhysX</Filter>
    </ClInclude>
    <ClInclude Include="Core\PhysX\include\PxPhysics.h">
      <Filter>ExternalLibraries\PhysX</Filter>
    </ClInclude>
    <ClInclude Include="Core\PhysX\include\PxPhysicsAPI.h">
      <Filter>ExternalLibraries\PhysX</Filter>
    </ClInclude>
    <ClInclude Include="Core\PhysX\include\PxPhysicsSerialization.h">
      <Filter>ExternalLibraries\PhysX</Filter>
    </ClInclude>
    <ClInclude Include="Core\PhysX\include\PxPhysicsVersion.h">
      <Filter>ExternalLibraries\PhysX</Filter>
    </ClInclude>
    <ClInclude Include="Core\PhysX\include\PxPhysXConfig.h">
      <Filter>ExternalLibraries\PhysX</Filter>
    </ClInclude>
    <ClInclude Include="Core\PhysX\include\PxPruningStructure.h">
      <Filter>ExternalLibraries\PhysX</Filter>
    </ClInclude>
    <ClInclude Include="Core\PhysX\include\PxQueryFiltering.h">
      <Filter>ExternalLibraries\PhysX</Filter>
    </ClInclude>
    <ClInclude Include="Core\PhysX\include\PxQueryReport.h">
      <Filter>ExternalLibraries\PhysX</Filter>
    </ClInclude>
    <ClInclude Include="Core\PhysX\include\PxRigidActor.h">
      <Filter>ExternalLibraries\PhysX</Filter>
    </ClInclude>
    <ClInclude Include="Core\PhysX\include\PxRigidBody.h">
      <Filter>ExternalLibraries\PhysX</Filter>
    </ClInclude>
    <ClInclude Include="Core\PhysX\include\PxRigidDynamic.h">
      <Filter>ExternalLibraries\PhysX</Filter>
    </ClInclude>
    <ClInclude Include="Core\PhysX\include\PxRigidStatic.h">
      <Filter>ExternalLibraries\PhysX</Filter>
    </ClInclude>
    <ClInclude Include="Core\PhysX\include\PxScene.h">
      <Filter>ExternalLibraries\PhysX</Filter>
    </ClInclude>
    <ClInclude Include="Core\PhysX\include\PxSceneDesc.h">
      <Filter>ExternalLibraries\PhysX</Filter>
    </ClInclude>
    <ClInclude Include="Core\PhysX\include\PxSceneLock.h">
      <Filter>ExternalLibraries\PhysX</Filter>
    </ClInclude>
    <ClInclude Include="Core\PhysX\include\PxShape.h">
      <Filter>ExternalLibraries\PhysX</Filter>
    </ClInclude>
    <ClInclude Include="Core\PhysX\include\PxSimulationEventCallback.h">
      <Filter>ExternalLibraries\PhysX</Filter>
    </ClInclude>
    <ClInclude Include="Core\PhysX\include\PxSimulationStatistics.h">
      <Filter>ExternalLibraries\PhysX</Filter>
    </ClInclude>
    <ClInclude Include="Core\PhysX\include\PxVisualizationParameter.h">
      <Filter>ExternalLibraries\PhysX</Filter>
    </ClInclude>
    <ClInclude Include="Core\PhysX\include\characterkinematic\PxBoxController.h">
      <Filter>ExternalLibraries\PhysX\characterkinematic</Filter>
    </ClInclude>
    <ClInclude Include="Core\PhysX\include\characterkinematic\PxCapsuleController.h">
      <Filter>ExternalLibraries\PhysX\characterkinematic</Filter>
    </ClInclude>
    <ClInclude Include="Core\PhysX\include\characterkinematic\PxController.h">
      <Filter>ExternalLibraries\PhysX\characterkinematic</Filter>
    </ClInclude>
    <ClInclude Include="Core\PhysX\include\characterkinematic\PxControllerBehavior.h">
      <Filter>ExternalLibraries\PhysX\characterkinematic</Filter>
    </ClInclude>
    <ClInclude Include="Core\PhysX\include\characterkinematic\PxControllerManager.h">
      <Filter>ExternalLibraries\PhysX\characterkinematic</Filter>
    </ClInclude>
    <ClInclude Include="Core\PhysX\include\characterkinematic\PxControllerObstacles.h">
      <Filter>ExternalLibraries\PhysX\characterkinematic</Filter>
    </ClInclude>
    <ClInclude Include="Core\PhysX\include\characterkinematic\PxExtended.h">
      <Filter>ExternalLibraries\PhysX\characterkinematic</Filter>
    </ClInclude>
    <ClInclude Include="Core\PhysX\include\collision\PxCollisionDefs.h">
      <Filter>ExternalLibraries\PhysX\collision</Filter>
    </ClInclude>
    <ClInclude Include="Core\PhysX\include\common\PxBase.h">
      <Filter>ExternalLibraries\PhysX\common</Filter>
    </ClInclude>
    <ClInclude Include="Core\PhysX\include\common\PxCollection.h">
      <Filter>ExternalLibraries\PhysX\common</Filter>
    </ClInclude>
    <ClInclude Include="Core\PhysX\include\common\PxCoreUtilityTypes.h">
      <Filter>ExternalLibraries\PhysX\common</Filter>
    </ClInclude>
    <ClInclude Include="Core\PhysX\include\common\PxMetaData.h">
      <Filter>ExternalLibraries\PhysX\common</Filter>
    </ClInclude>
    <ClInclude Include="Core\PhysX\include\common\PxMetaDataFlags.h">
      <Filter>ExternalLibraries\PhysX\common</Filter>
    </ClInclude>
    <ClInclude Include="Core\PhysX\include\common\PxPhysicsInsertionCallback.h">
      <Filter>ExternalLibraries\PhysX\common</Filter>
    </ClInclude>
    <ClInclude Include="Core\PhysX\include\common\PxPhysXCommonConfig.h">
      <Filter>ExternalLibraries\PhysX\common</Filter>
    </ClInclude>
    <ClInclude Include="Core\PhysX\include\common\PxProfileZone.h">
      <Filter>ExternalLibraries\PhysX\common</Filter>
    </ClInclude>
    <ClInclude Include="Core\PhysX\include\common\PxRenderBuffer.h">
      <Filter>ExternalLibraries\PhysX\common</Filter>
    </ClInclude>
    <ClInclude Include="Core\PhysX\include\common\PxSerialFramework.h">
      <Filter>ExternalLibraries\PhysX\common</Filter>
    </ClInclude>
    <ClInclude Include="Core\PhysX\include\common\PxSerializer.h">
      <Filter>ExternalLibraries\PhysX\common</Filter>
    </ClInclude>
    <ClInclude Include="Core\PhysX\include\common\PxStringTable.h">
      <Filter>ExternalLibraries\PhysX\common</Filter>
    </ClInclude>
    <ClInclude Include="Core\PhysX\include\common\PxTolerancesScale.h">
      <Filter>ExternalLibraries\PhysX\common</Filter>
    </ClInclude>
    <ClInclude Include="Core\PhysX\include\common\PxTypeInfo.h">
      <Filter>ExternalLibraries\PhysX\common</Filter>
    </ClInclude>
    <ClInclude Include="Core\PhysX\include\common\windows\PxWindowsDelayLoadHook.h">
      <Filter>ExternalLibraries\PhysX\common\windows</Filter>
    </ClInclude>
    <ClInclude Include="Core\PhysX\include\cooking\PxBVH33MidphaseDesc.h">
      <Filter>ExternalLibraries\PhysX\cooking</Filter>
    </ClInclude>
    <ClInclude Include="Core\PhysX\include\cooking\PxBVH34MidphaseDesc.h">
      <Filter>ExternalLibraries\PhysX\cooking</Filter>
    </ClInclude>
    <ClInclude Include="Core\PhysX\include\cooking\PxBVHStructureDesc.h">
      <Filter>ExternalLibraries\PhysX\cooking</Filter>
    </ClInclude>
    <ClInclude Include="Core\PhysX\include\cooking\Pxc.h">
      <Filter>ExternalLibraries\PhysX\cooking</Filter>
    </ClInclude>
    <ClInclude Include="Core\PhysX\include\cooking\PxConvexMeshDesc.h">
      <Filter>ExternalLibraries\PhysX\cooking</Filter>
    </ClInclude>
    <ClInclude Include="Core\PhysX\include\cooking\PxCooking.h">
      <Filter>ExternalLibraries\PhysX\cooking</Filter>
    </ClInclude>
    <ClInclude Include="Core\PhysX\include\cooking\PxMidphaseDesc.h">
      <Filter>ExternalLibraries\PhysX\cooking</Filter>
    </ClInclude>
    <ClInclude Include="Core\PhysX\include\cooking\PxTriangleMeshDesc.h">
      <Filter>ExternalLibraries\PhysX\cooking</Filter>
    </ClInclude>
    <ClInclude Include="Core\PhysX\include\cudamanager\PxCudaContextManager.h">
      <Filter>ExternalLibraries\PhysX\cudamanager</Filter>
    </ClInclude>
    <ClInclude Include="Core\PhysX\include\cudamanager\PxCudaMemoryManager.h">
      <Filter>ExternalLibraries\PhysX\cudamanager</Filter>
    </ClInclude>
    <ClInclude Include="Core\PhysX\include\extensions\PxBinaryConverter.h">
      <Filter>ExternalLibraries\PhysX\extensions</Filter>
    </ClInclude>
    <ClInclude Include="Core\PhysX\include\extensions\PxBroadPhaseExt.h">
      <Filter>ExternalLibraries\PhysX\extensions</Filter>
    </ClInclude>
    <ClInclude Include="Core\PhysX\include\extensions\PxCollectionExt.h">
      <Filter>ExternalLibraries\PhysX\extensions</Filter>
    </ClInclude>
    <ClInclude Include="Core\PhysX\include\extensions\PxConstraintExt.h">
      <Filter>ExternalLibraries\PhysX\extensions</Filter>
    </ClInclude>
    <ClInclude Include="Core\PhysX\include\extensions\PxContactJoint.h">
      <Filter>ExternalLibraries\PhysX\extensions</Filter>
    </ClInclude>
    <ClInclude Include="Core\PhysX\include\extensions\PxConvexMeshExt.h">
      <Filter>ExternalLibraries\PhysX\extensions</Filter>
    </ClInclude>
    <ClInclude Include="Core\PhysX\include\extensions\PxD6Joint.h">
      <Filter>ExternalLibraries\PhysX\extensions</Filter>
    </ClInclude>
    <ClInclude Include="Core\PhysX\include\extensions\PxD6JointCreate.h">
      <Filter>ExternalLibraries\PhysX\extensions</Filter>
    </ClInclude>
    <ClInclude Include="Core\PhysX\include\extensions\PxDefaultAllocator.h">
      <Filter>ExternalLibraries\PhysX\extensions</Filter>
    </ClInclude>
    <ClInclude Include="Core\PhysX\include\extensions\PxDefaultCpuDispatcher.h">
      <Filter>ExternalLibraries\PhysX\extensions</Filter>
    </ClInclude>
    <ClInclude Include="Core\PhysX\include\extensions\PxDefaultErrorCallback.h">
      <Filter>ExternalLibraries\PhysX\extensions</Filter>
    </ClInclude>
    <ClInclude Include="Core\PhysX\include\extensions\PxDefaultSimulationFilterShader.h">
      <Filter>ExternalLibraries\PhysX\extensions</Filter>
    </ClInclude>
    <ClInclude Include="Core\PhysX\include\extensions\PxDefaultStreams.h">
      <Filter>ExternalLibraries\PhysX\extensions</Filter>
    </ClInclude>
    <ClInclude Include="Core\PhysX\include\extensions\PxDistanceJoint.h">
      <Filter>ExternalLibraries\PhysX\extensions</Filter>
    </ClInclude>
    <ClInclude Include="Core\PhysX\include\extensions\PxExtensionsAPI.h">
      <Filter>ExternalLibraries\PhysX\extensions</Filter>
    </ClInclude>
    <ClInclude Include="Core\PhysX\include\extensions\PxFixedJoint.h">
      <Filter>ExternalLibraries\PhysX\extensions</Filter>
    </ClInclude>
    <ClInclude Include="Core\PhysX\include\extensions\PxJoint.h">
      <Filter>ExternalLibraries\PhysX\extensions</Filter>
    </ClInclude>
    <ClInclude Include="Core\PhysX\include\extensions\PxJointLimit.h">
      <Filter>ExternalLibraries\PhysX\extensions</Filter>
    </ClInclude>
    <ClInclude Include="Core\PhysX\include\extensions\PxMassProperties.h">
      <Filter>ExternalLibraries\PhysX\extensions</Filter>
    </ClInclude>
    <ClInclude Include="Core\PhysX\include\extensions\PxPrismaticJoint.h">
      <Filter>ExternalLibraries\PhysX\extensions</Filter>
    </ClInclude>
    <ClInclude Include="Core\PhysX\include\extensions\PxRaycastCCD.h">
      <Filter>ExternalLibraries\PhysX\extensions</Filter>
    </ClInclude>
    <ClInclude Include="Core\PhysX\include\extensions\PxRepXSerializer.h">
      <Filter>ExternalLibraries\PhysX\extensions</Filter>
    </ClInclude>
    <ClInclude Include="Core\PhysX\include\extensions\PxRepXSimpleType.h">
      <Filter>ExternalLibraries\PhysX\extensions</Filter>
    </ClInclude>
    <ClInclude Include="Core\PhysX\include\extensions\PxRevoluteJoint.h">
      <Filter>ExternalLibraries\PhysX\extensions</Filter>
    </ClInclude>
    <ClInclude Include="Core\PhysX\include\extensions\PxRigidActorExt.h">
      <Filter>ExternalLibraries\PhysX\extensions</Filter>
    </ClInclude>
    <ClInclude Include="Core\PhysX\include\extensions\PxRigidBodyExt.h">
      <Filter>ExternalLibraries\PhysX\extensions</Filter>
    </ClInclude>
    <ClInclude Include="Core\PhysX\include\extensions\PxSceneQueryExt.h">
      <Filter>ExternalLibraries\PhysX\extensions</Filter>
    </ClInclude>
    <ClInclude Include="Core\PhysX\include\extensions\PxSerialization.h">
      <Filter>ExternalLibraries\PhysX\extensions</Filter>
    </ClInclude>
    <ClInclude Include="Core\PhysX\include\extensions\PxShapeExt.h">
      <Filter>ExternalLibraries\PhysX\extensions</Filter>
    </ClInclude>
    <ClInclude Include="Core\PhysX\include\extensions\PxSimpleFactory.h">
      <Filter>ExternalLibraries\PhysX\extensions</Filter>
    </ClInclude>
    <ClInclude Include="Core\PhysX\include\extensions\PxSmoothNormals.h">
      <Filter>ExternalLibraries\PhysX\extensions</Filter>
    </ClInclude>
    <ClInclude Include="Core\PhysX\include\extensions\PxSphericalJoint.h">
      <Filter>ExternalLibraries\PhysX\extensions</Filter>
    </ClInclude>
    <ClInclude Include="Core\PhysX\include\extensions\PxStringTableExt.h">
      <Filter>ExternalLibraries\PhysX\extensions</Filter>
    </ClInclude>
    <ClInclude Include="Core\PhysX\include\extensions\PxTriangleMeshExt.h">
      <Filter>ExternalLibraries\PhysX\extensions</Filter>
    </ClInclude>
    <ClInclude Include="Core\PhysX\include\filebuf\PxFileBuf.h">
      <Filter>ExternalLibraries\PhysX\filebuf</Filter>
    </ClInclude>
    <ClInclude Include="Core\PhysX\include\foundation\PxAssert.h">
      <Filter>ExternalLibraries\PhysX\foundation</Filter>
    </ClInclude>
    <ClInclude Include="Core\PhysX\include\foundation\PxFoundationConfig.h">
      <Filter>ExternalLibraries\PhysX\foundation</Filter>
    </ClInclude>
    <ClInclude Include="Core\PhysX\include\foundation\PxMathUtils.h">
      <Filter>ExternalLibraries\PhysX\foundation</Filter>
    </ClInclude>
    <ClInclude Include="Core\PhysX\include\geometry\PxBoxGeometry.h">
      <Filter>ExternalLibraries\PhysX\geometry</Filter>
    </ClInclude>
    <ClInclude Include="Core\PhysX\include\geometry\PxBVHStructure.h">
      <Filter>ExternalLibraries\PhysX\geometry</Filter>
    </ClInclude>
    <ClInclude Include="Core\PhysX\include\geometry\PxCapsuleGeometry.h">
      <Filter>ExternalLibraries\PhysX\geometry</Filter>
    </ClInclude>
    <ClInclude Include="Core\PhysX\include\geometry\PxConvexMesh.h">
      <Filter>ExternalLibraries\PhysX\geometry</Filter>
    </ClInclude>
    <ClInclude Include="Core\PhysX\include\geometry\PxConvexMeshGeometry.h">
      <Filter>ExternalLibraries\PhysX\geometry</Filter>
    </ClInclude>
    <ClInclude Include="Core\PhysX\include\geometry\PxGeometry.h">
      <Filter>ExternalLibraries\PhysX\geometry</Filter>
    </ClInclude>
    <ClInclude Include="Core\PhysX\include\geometry\PxGeometryHelpers.h">
      <Filter>ExternalLibraries\PhysX\geometry</Filter>
    </ClInclude>
    <ClInclude Include="Core\PhysX\include\geometry\PxGeometryQuery.h">
      <Filter>ExternalLibraries\PhysX\geometry</Filter>
    </ClInclude>
    <ClInclude Include="Core\PhysX\include\geometry\PxHeightField.h">
      <Filter>ExternalLibraries\PhysX\geometry</Filter>
    </ClInclude>
    <ClInclude Include="Core\PhysX\include\geometry\PxHeightFieldDesc.h">
      <Filter>ExternalLibraries\PhysX\geometry</Filter>
    </ClInclude>
    <ClInclude Include="Core\PhysX\include\geometry\PxHeightFieldFlag.h">
      <Filter>ExternalLibraries\PhysX\geometry</Filter>
    </ClInclude>
    <ClInclude Include="Core\PhysX\include\geometry\PxHeightFieldGeometry.h">
      <Filter>ExternalLibraries\PhysX\geometry</Filter>
    </ClInclude>
    <ClInclude Include="Core\PhysX\include\geometry\PxHeightFieldSample.h">
      <Filter>ExternalLibraries\PhysX\geometry</Filter>
    </ClInclude>
    <ClInclude Include="Core\PhysX\include\geometry\PxMeshQuery.h">
      <Filter>ExternalLibraries\PhysX\geometry</Filter>
    </ClInclude>
    <ClInclude Include="Core\PhysX\include\geometry\PxMeshScale.h">
      <Filter>ExternalLibraries\PhysX\geometry</Filter>
    </ClInclude>
    <ClInclude Include="Core\PhysX\include\geometry\PxPlaneGeometry.h">
      <Filter>ExternalLibraries\PhysX\geometry</Filter>
    </ClInclude>
    <ClInclude Include="Core\PhysX\include\geometry\PxSimpleTriangleMesh.h">
      <Filter>ExternalLibraries\PhysX\geometry</Filter>
    </ClInclude>
    <ClInclude Include="Core\PhysX\include\geometry\PxSphereGeometry.h">
      <Filter>ExternalLibraries\PhysX\geometry</Filter>
    </ClInclude>
    <ClInclude Include="Core\PhysX\include\geometry\PxTriangle.h">
      <Filter>ExternalLibraries\PhysX\geometry</Filter>
    </ClInclude>
    <ClInclude Include="Core\PhysX\include\geometry\PxTriangleMesh.h">
      <Filter>ExternalLibraries\PhysX\geometry</Filter>
    </ClInclude>
    <ClInclude Include="Core\PhysX\include\geometry\PxTriangleMeshGeometry.h">
      <Filter>ExternalLibraries\PhysX\geometry</Filter>
    </ClInclude>
    <ClInclude Include="Core\PhysX\include\geomutils\GuContactBuffer.h">
      <Filter>ExternalLibraries\PhysX\geomutils</Filter>
    </ClInclude>
    <ClInclude Include="Core\PhysX\include\geomutils\GuContactPoint.h">
      <Filter>ExternalLibraries\PhysX\geomutils</Filter>
    </ClInclude>
    <ClInclude Include="Core\PhysX\include\gpu\PxGpu.h">
      <Filter>ExternalLibraries\PhysX\gpu</Filter>
    </ClInclude>
    <ClInclude Include="Core\PhysX\include\pvd\PxPvd.h">
      <Filter>ExternalLibraries\PhysX\pvd</Filter>
    </ClInclude>
    <ClInclude Include="Core\PhysX\include\pvd\PxPvdSceneClient.h">
      <Filter>ExternalLibraries\PhysX\pvd</Filter>
    </ClInclude>
    <ClInclude Include="Core\PhysX\include\pvd\PxPvdTransport.h">
      <Filter>ExternalLibraries\PhysX\pvd</Filter>
    </ClInclude>
    <ClInclude Include="Core\PhysX\include\solver\PxSolverDefs.h">
      <Filter>ExternalLibraries\PhysX\solver</Filter>
    </ClInclude>
    <ClInclude Include="Core\PhysX\include\task\PxCpuDispatcher.h">
      <Filter>ExternalLibraries\PhysX\task</Filter>
    </ClInclude>
    <ClInclude Include="Core\PhysX\include\task\PxTask.h">
      <Filter>ExternalLibraries\PhysX\task</Filter>
    </ClInclude>
    <ClInclude Include="Core\PhysX\include\task\PxTaskDefine.h">
      <Filter>ExternalLibraries\PhysX\task</Filter>
    </ClInclude>
    <ClInclude Include="Core\PhysX\include\task\PxTaskManager.h">
      <Filter>ExternalLibraries\PhysX\task</Filter>
    </ClInclude>
    <ClInclude Include="Core\PhysX\include\vehicle\PxVehicleComponents.h">
      <Filter>ExternalLibraries\PhysX\vehicle</Filter>
    </ClInclude>
    <ClInclude Include="Core\PhysX\include\vehicle\PxVehicleDrive.h">
      <Filter>ExternalLibraries\PhysX\vehicle</Filter>
    </ClInclude>
    <ClInclude Include="Core\PhysX\include\vehicle\PxVehicleDrive4W.h">
      <Filter>ExternalLibraries\PhysX\vehicle</Filter>
    </ClInclude>
    <ClInclude Include="Core\PhysX\include\vehicle\PxVehicleDriveNW.h">
      <Filter>ExternalLibraries\PhysX\vehicle</Filter>
    </ClInclude>
    <ClInclude Include="Core\PhysX\include\vehicle\PxVehicleDriveTank.h">
      <Filter>ExternalLibraries\PhysX\vehicle</Filter>
    </ClInclude>
    <ClInclude Include="Core\PhysX\include\vehicle\PxVehicleNoDrive.h">
      <Filter>ExternalLibraries\PhysX\vehicle</Filter>
    </ClInclude>
    <ClInclude Include="Core\PhysX\include\vehicle\PxVehicleSDK.h">
      <Filter>ExternalLibraries\PhysX\vehicle</Filter>
    </ClInclude>
    <ClInclude Include="Core\PhysX\include\vehicle\PxVehicleShaders.h">
      <Filter>ExternalLibraries\PhysX\vehicle</Filter>
    </ClInclude>
    <ClInclude Include="Core\PhysX\include\vehicle\PxVehicleTireFriction.h">
      <Filter>ExternalLibraries\PhysX\vehicle</Filter>
    </ClInclude>
    <ClInclude Include="Core\PhysX\include\vehicle\PxVehicleUpdate.h">
      <Filter>ExternalLibraries\PhysX\vehicle</Filter>
    </ClInclude>
    <ClInclude Include="Core\PhysX\include\vehicle\PxVehicleUtil.h">
      <Filter>ExternalLibraries\PhysX\vehicle</Filter>
    </ClInclude>
    <ClInclude Include="Core\PhysX\include\vehicle\PxVehicleUtilControl.h">
      <Filter>ExternalLibraries\PhysX\vehicle</Filter>
    </ClInclude>
    <ClInclude Include="Core\PhysX\include\vehicle\PxVehicleUtilSetup.h">
      <Filter>ExternalLibraries\PhysX\vehicle</Filter>
    </ClInclude>
    <ClInclude Include="Core\PhysX\include\vehicle\PxVehicleUtilTelemetry.h">
      <Filter>ExternalLibraries\PhysX\vehicle</Filter>
    </ClInclude>
    <ClInclude Include="Core\PhysX\include\vehicle\PxVehicleWheels.h">
      <Filter>ExternalLibraries\PhysX\vehicle</Filter>
    </ClInclude>
    <ClInclude Include="Core\pxshared\include\foundation\PxProfiler.h">
      <Filter>ExternalLibraries\Pxshared\foundation</Filter>
    </ClInclude>
    <ClInclude Include="Core\pxshared\include\foundation\PxQuat.h">
      <Filter>ExternalLibraries\Pxshared\foundation</Filter>
    </ClInclude>
    <ClInclude Include="Core\pxshared\include\foundation\PxSharedAssert.h">
      <Filter>ExternalLibraries\Pxshared\foundation</Filter>
    </ClInclude>
    <ClInclude Include="Core\pxshared\include\foundation\PxSimpleTypes.h">
      <Filter>ExternalLibraries\Pxshared\foundation</Filter>
    </ClInclude>
    <ClInclude Include="Core\pxshared\include\foundation\PxStrideIterator.h">
      <Filter>ExternalLibraries\Pxshared\foundation</Filter>
    </ClInclude>
    <ClInclude Include="Core\pxshared\include\foundation\PxTransform.h">
      <Filter>ExternalLibraries\Pxshared\foundation</Filter>
    </ClInclude>
    <ClInclude Include="Core\pxshared\include\foundation\PxUnionCast.h">
      <Filter>ExternalLibraries\Pxshared\foundation</Filter>
    </ClInclude>
    <ClInclude Include="Core\pxshared\include\foundation\PxVec2.h">
      <Filter>ExternalLibraries\Pxshared\foundation</Filter>
    </ClInclude>
    <ClInclude Include="Core\pxshared\include\foundation\PxVec3.h">
      <Filter>ExternalLibraries\Pxshared\foundation</Filter>
    </ClInclude>
    <ClInclude Include="Core\pxshared\include\foundation\PxVec4.h">
      <Filter>ExternalLibraries\Pxshared\foundation</Filter>
    </ClInclude>
    <ClInclude Include="Core\pxshared\include\foundation\Px.h">
      <Filter>ExternalLibraries\Pxshared\foundation</Filter>
    </ClInclude>
    <ClInclude Include="Core\pxshared\include\foundation\PxAllocatorCallback.h">
      <Filter>ExternalLibraries\Pxshared\foundation</Filter>
    </ClInclude>
    <ClInclude Include="Core\pxshared\include\foundation\PxBitAndData.h">
      <Filter>ExternalLibraries\Pxshared\foundation</Filter>
    </ClInclude>
    <ClInclude Include="Core\pxshared\include\foundation\PxBounds3.h">
      <Filter>ExternalLibraries\Pxshared\foundation</Filter>
    </ClInclude>
    <ClInclude Include="Core\pxshared\include\foundation\PxErrorCallback.h">
      <Filter>ExternalLibraries\Pxshared\foundation</Filter>
    </ClInclude>
    <ClInclude Include="Core\pxshared\include\foundation\PxErrors.h">
      <Filter>ExternalLibraries\Pxshared\foundation</Filter>
    </ClInclude>
    <ClInclude Include="Core\pxshared\include\foundation\PxFlags.h">
      <Filter>ExternalLibraries\Pxshared\foundation</Filter>
    </ClInclude>
    <ClInclude Include="Core\pxshared\include\foundation\PxIntrinsics.h">
      <Filter>ExternalLibraries\Pxshared\foundation</Filter>
    </ClInclude>
    <ClInclude Include="Core\pxshared\include\foundation\PxIO.h">
      <Filter>ExternalLibraries\Pxshared\foundation</Filter>
    </ClInclude>
    <ClInclude Include="Core\pxshared\include\foundation\PxMat33.h">
      <Filter>ExternalLibraries\Pxshared\foundation</Filter>
    </ClInclude>
    <ClInclude Include="Core\pxshared\include\foundation\PxMat44.h">
      <Filter>ExternalLibraries\Pxshared\foundation</Filter>
    </ClInclude>
    <ClInclude Include="Core\pxshared\include\foundation\PxMath.h">
      <Filter>ExternalLibraries\Pxshared\foundation</Filter>
    </ClInclude>
    <ClInclude Include="Core\pxshared\include\foundation\PxMemory.h">
      <Filter>ExternalLibraries\Pxshared\foundation</Filter>
    </ClInclude>
    <ClInclude Include="Core\pxshared\include\foundation\PxPlane.h">
      <Filter>ExternalLibraries\Pxshared\foundation</Filter>
    </ClInclude>
    <ClInclude Include="Core\pxshared\include\foundation\PxPreprocessor.h">
      <Filter>ExternalLibraries\Pxshared\foundation</Filter>
    </ClInclude>
    <ClInclude Include="Core\pxshared\include\foundation\windows\PxWindowsIntrinsics.h">
      <Filter>ExternalLibraries\Pxshared\foundation\windows</Filter>
    </ClInclude>
    <ClInclude Include="Core\pxshared\include\foundation\unix\PxUnixIntrinsics.h">
      <Filter>ExternalLibraries\Pxshared\foundation\unix</Filter>
    </ClInclude>
  </ItemGroup>
  <ItemGroup>
    <None Include="Core\DevIL\include\config.h.win">
      <Filter>ExternalLibraries\DevIL</Filter>
    </None>
    <None Include="Core\MathGeoLib\include\Geometry\KDTree.inl">
      <Filter>ExternalLibraries\MathGeoLib\Geometry</Filter>
    </None>
    <None Include="Core\MathGeoLib\include\Geometry\QuadTree.inl">
      <Filter>ExternalLibraries\MathGeoLib\Geometry</Filter>
    </None>
    <None Include="Core\MathGeoLib\include\Geometry\TriangleMesh_IntersectRay_AVX.inl">
      <Filter>ExternalLibraries\MathGeoLib\Geometry</Filter>
    </None>
    <None Include="Core\MathGeoLib\include\Geometry\TriangleMesh_IntersectRay_CPP.inl">
      <Filter>ExternalLibraries\MathGeoLib\Geometry</Filter>
    </None>
    <None Include="Core\MathGeoLib\include\Geometry\TriangleMesh_IntersectRay_SSE.inl">
      <Filter>ExternalLibraries\MathGeoLib\Geometry</Filter>
    </None>
    <None Include="Core\MathGeoLib\include\Math\Matrix.inl">
      <Filter>ExternalLibraries\MathGeoLib\Math</Filter>
    </None>
    <None Include="Core\Assimp\include\color4.inl">
      <Filter>ExternalLibraries\Assimp</Filter>
    </None>
    <None Include="Core\Assimp\include\material.inl">
      <Filter>ExternalLibraries\Assimp</Filter>
    </None>
    <None Include="Core\Assimp\include\matrix3x3.inl">
      <Filter>ExternalLibraries\Assimp</Filter>
    </None>
    <None Include="Core\Assimp\include\matrix4x4.inl">
      <Filter>ExternalLibraries\Assimp</Filter>
    </None>
    <None Include="Core\Assimp\include\quaternion.inl">
      <Filter>ExternalLibraries\Assimp</Filter>
    </None>
    <None Include="Core\Assimp\include\vector2.inl">
      <Filter>ExternalLibraries\Assimp</Filter>
    </None>
    <None Include="Core\Assimp\include\vector3.inl">
      <Filter>ExternalLibraries\Assimp</Filter>
    </None>
  </ItemGroup>
  <ItemGroup>
    <Filter Include="GameObjects">
      <UniqueIdentifier>{b2dfa9da-1999-426e-b616-b3e2028344df}</UniqueIdentifier>
    </Filter>
    <Filter Include="Importer">
      <UniqueIdentifier>{8270ea4d-248f-49b9-a458-36c637fc1a6d}</UniqueIdentifier>
    </Filter>
    <Filter Include="Resources">
      <UniqueIdentifier>{cefa9d08-fa07-4fbc-a128-62c94eecc767}</UniqueIdentifier>
    </Filter>
    <Filter Include="Tools">
      <UniqueIdentifier>{4d639168-1298-47fa-a565-c77db1a1665d}</UniqueIdentifier>
    </Filter>
    <Filter Include="ExternalLibraries">
      <UniqueIdentifier>{c6b68990-6c1e-40d2-984a-2e551394f3a0}</UniqueIdentifier>
    </Filter>
    <Filter Include="ExternalLibraries\Assimp">
      <UniqueIdentifier>{9acfe033-9d27-4f18-9340-156f11bcec22}</UniqueIdentifier>
    </Filter>
    <Filter Include="ExternalLibraries\DevIL">
      <UniqueIdentifier>{cae6233a-3d94-4ff3-beed-34fc5a14eb64}</UniqueIdentifier>
    </Filter>
    <Filter Include="ExternalLibraries\JSON">
      <UniqueIdentifier>{dfb27ce3-a15c-4fb6-a299-2f3c16e1a6c1}</UniqueIdentifier>
    </Filter>
    <Filter Include="ExternalLibraries\ImGui">
      <UniqueIdentifier>{58fc8251-638f-442c-b826-4f331d86c201}</UniqueIdentifier>
    </Filter>
    <Filter Include="ExternalLibraries\MathGeoLib">
      <UniqueIdentifier>{0508759a-c83f-4742-a471-e99dbd35bf08}</UniqueIdentifier>
    </Filter>
    <Filter Include="ExternalLibraries\PhysFS">
      <UniqueIdentifier>{3cefa716-c1a5-4c7b-bbab-29324af0ddfd}</UniqueIdentifier>
    </Filter>
    <Filter Include="ExternalLibraries\MathGeoLib\Algorithm">
      <UniqueIdentifier>{0d4dc2c0-57af-4ef9-a0e7-f77c5002268a}</UniqueIdentifier>
    </Filter>
    <Filter Include="ExternalLibraries\MathGeoLib\Geometry">
      <UniqueIdentifier>{268d57d0-3923-43b1-9ae3-f6ad9e350a44}</UniqueIdentifier>
    </Filter>
    <Filter Include="ExternalLibraries\MathGeoLib\Math">
      <UniqueIdentifier>{fe6ee5aa-c5af-4fa0-8ed3-a26a3a00be41}</UniqueIdentifier>
    </Filter>
    <Filter Include="ExternalLibraries\MathGeoLib\Time">
      <UniqueIdentifier>{82621560-9f98-488a-a4af-b2166043a2e4}</UniqueIdentifier>
    </Filter>
    <Filter Include="ExternalLibraries\Assimp\Compiler">
      <UniqueIdentifier>{7086554c-200a-4f0d-99d2-eac26d4c9c50}</UniqueIdentifier>
    </Filter>
    <Filter Include="ExternalLibraries\Assimp\port">
      <UniqueIdentifier>{52b09c6a-28e8-438b-923f-8edb8f938afc}</UniqueIdentifier>
    </Filter>
    <Filter Include="TimeManager">
      <UniqueIdentifier>{32b27a22-b211-4480-857b-0c635d798266}</UniqueIdentifier>
    </Filter>
    <Filter Include="Functionalities">
      <UniqueIdentifier>{85e1bb36-9373-4b6b-90fc-4fa85fb38e38}</UniqueIdentifier>
    </Filter>
    <Filter Include="ImGuizmo">
      <UniqueIdentifier>{4cc694a9-101b-4ab2-b7ec-e2524688adf6}</UniqueIdentifier>
    </Filter>
    <Filter Include="Playground">
      <UniqueIdentifier>{cd6dec52-4ca9-424e-8f86-1bb40c9c7c38}</UniqueIdentifier>
    </Filter>
    <Filter Include="Functionalities\Modules">
      <UniqueIdentifier>{e5f6ac45-c85b-49f8-9c87-b2fd9075f3b6}</UniqueIdentifier>
    </Filter>
    <Filter Include="Functionalities\Modules\ImGui">
      <UniqueIdentifier>{06a17112-b9b7-4869-9161-ffeb23811414}</UniqueIdentifier>
    </Filter>
    <Filter Include="ExternalLibraries\PhysX">
      <UniqueIdentifier>{021f64ca-a13e-41b8-9351-afef544b862d}</UniqueIdentifier>
    </Filter>
    <Filter Include="ExternalLibraries\PhysX\characterkinematic">
      <UniqueIdentifier>{e5e64530-e5a5-427f-ad97-6a864fe61f7a}</UniqueIdentifier>
    </Filter>
    <Filter Include="ExternalLibraries\PhysX\collision">
      <UniqueIdentifier>{d34c0c30-67ad-44f3-9b00-4119da91cdcf}</UniqueIdentifier>
    </Filter>
    <Filter Include="ExternalLibraries\PhysX\common">
      <UniqueIdentifier>{9a593627-3139-4eff-813e-dd3a7be12c76}</UniqueIdentifier>
    </Filter>
    <Filter Include="ExternalLibraries\PhysX\common\windows">
      <UniqueIdentifier>{c2136428-0974-4e2e-a68d-99bdb6f1ba3c}</UniqueIdentifier>
    </Filter>
    <Filter Include="ExternalLibraries\PhysX\cooking">
      <UniqueIdentifier>{3542d4ea-bdcd-4b5e-8378-17ce9c863e2a}</UniqueIdentifier>
    </Filter>
    <Filter Include="ExternalLibraries\PhysX\cudamanager">
      <UniqueIdentifier>{76351893-fa44-46c4-93bc-60a547be3e5c}</UniqueIdentifier>
    </Filter>
    <Filter Include="ExternalLibraries\PhysX\extensions">
      <UniqueIdentifier>{fdb19abe-0d95-460a-b662-5ba68f6e7c14}</UniqueIdentifier>
    </Filter>
    <Filter Include="ExternalLibraries\PhysX\filebuf">
      <UniqueIdentifier>{80a76d37-1ec3-4692-be4f-b4b1b98fc083}</UniqueIdentifier>
    </Filter>
    <Filter Include="ExternalLibraries\PhysX\foundation">
      <UniqueIdentifier>{fc258f43-8e87-4b11-b086-e7aa3da2d897}</UniqueIdentifier>
    </Filter>
    <Filter Include="ExternalLibraries\PhysX\geometry">
      <UniqueIdentifier>{f78a476a-3a64-4972-b13e-a31d63a5e3ab}</UniqueIdentifier>
    </Filter>
    <Filter Include="ExternalLibraries\PhysX\geomutils">
      <UniqueIdentifier>{59aa8043-bc8b-4f81-90b2-0a2bdd628b8c}</UniqueIdentifier>
    </Filter>
    <Filter Include="ExternalLibraries\PhysX\gpu">
      <UniqueIdentifier>{610932dd-b955-42b3-9049-59783297fe93}</UniqueIdentifier>
    </Filter>
    <Filter Include="ExternalLibraries\PhysX\pvd">
      <UniqueIdentifier>{fa4e5ad4-356d-43ea-9593-499657a6e280}</UniqueIdentifier>
    </Filter>
    <Filter Include="ExternalLibraries\PhysX\solver">
      <UniqueIdentifier>{d26b6a67-45ed-4f6b-a3a6-e0289eff77e9}</UniqueIdentifier>
    </Filter>
    <Filter Include="ExternalLibraries\PhysX\task">
      <UniqueIdentifier>{eded6837-e65d-4821-9943-9466dcacf344}</UniqueIdentifier>
    </Filter>
    <Filter Include="ExternalLibraries\PhysX\vehicle">
      <UniqueIdentifier>{b48f26b7-8be3-4a39-8686-2ca4430e3612}</UniqueIdentifier>
    </Filter>
    <Filter Include="ExternalLibraries\Pxshared">
      <UniqueIdentifier>{5d596a48-0bd3-4d01-adf9-2ec60d351e0a}</UniqueIdentifier>
    </Filter>
    <Filter Include="ExternalLibraries\Pxshared\foundation">
      <UniqueIdentifier>{7152da42-615e-4886-aa47-3f8f7b5138fd}</UniqueIdentifier>
    </Filter>
    <Filter Include="ExternalLibraries\Pxshared\foundation\windows">
      <UniqueIdentifier>{057e81bd-8047-402f-8439-fb1eb5bbfba8}</UniqueIdentifier>
    </Filter>
    <Filter Include="ExternalLibraries\Pxshared\foundation\unix">
      <UniqueIdentifier>{fa015e36-66fa-4421-ad12-4f5aaf13f793}</UniqueIdentifier>
    </Filter>
  </ItemGroup>
</Project>